// !$*UTF8*$!
{
	archiveVersion = 1;
	classes = {
	};
	objectVersion = 77;
	objects = {

/* Begin PBXContainerItemProxy section */
		7BE0B45D2CDB570C00F3F976 /* PBXContainerItemProxy */ = {
			isa = PBXContainerItemProxy;
			containerPortal = 7BE0B4442CDB570A00F3F976 /* Project object */;
			proxyType = 1;
			remoteGlobalIDString = 7BE0B44B2CDB570A00F3F976;
			remoteInfo = BLECentral;
		};
		7BE0B4672CDB570C00F3F976 /* PBXContainerItemProxy */ = {
			isa = PBXContainerItemProxy;
			containerPortal = 7BE0B4442CDB570A00F3F976 /* Project object */;
			proxyType = 1;
			remoteGlobalIDString = 7BE0B44B2CDB570A00F3F976;
			remoteInfo = BLECentral;
		};
/* End PBXContainerItemProxy section */

/* Begin PBXFileReference section */
		7BE0B44C2CDB570A00F3F976 /* BLECentral.app */ = {isa = PBXFileReference; explicitFileType = wrapper.application; includeInIndex = 0; path = BLECentral.app; sourceTree = BUILT_PRODUCTS_DIR; };
		7BE0B45C2CDB570C00F3F976 /* BLECentralTests.xctest */ = {isa = PBXFileReference; explicitFileType = wrapper.cfbundle; includeInIndex = 0; path = BLECentralTests.xctest; sourceTree = BUILT_PRODUCTS_DIR; };
		7BE0B4662CDB570C00F3F976 /* BLECentralUITests.xctest */ = {isa = PBXFileReference; explicitFileType = wrapper.cfbundle; includeInIndex = 0; path = BLECentralUITests.xctest; sourceTree = BUILT_PRODUCTS_DIR; };
/* End PBXFileReference section */

/* Begin PBXFileSystemSynchronizedBuildFileExceptionSet section */
		7BE0B47A2CDB600600F3F976 /* Exceptions for "BLECentral" folder in "BLECentral" target */ = {
			isa = PBXFileSystemSynchronizedBuildFileExceptionSet;
			membershipExceptions = (
				Info.plist,
			);
			target = 7BE0B44B2CDB570A00F3F976 /* BLECentral */;
		};
/* End PBXFileSystemSynchronizedBuildFileExceptionSet section */

/* Begin PBXFileSystemSynchronizedRootGroup section */
		7BE0B44E2CDB570A00F3F976 /* BLECentral */ = {
			isa = PBXFileSystemSynchronizedRootGroup;
			exceptions = (
				7BE0B47A2CDB600600F3F976 /* Exceptions for "BLECentral" folder in "BLECentral" target */,
			);
			path = BLECentral;
			sourceTree = "<group>";
		};
		7BE0B45F2CDB570C00F3F976 /* BLECentralTests */ = {
			isa = PBXFileSystemSynchronizedRootGroup;
			path = BLECentralTests;
			sourceTree = "<group>";
		};
		7BE0B4692CDB570C00F3F976 /* BLECentralUITests */ = {
			isa = PBXFileSystemSynchronizedRootGroup;
			path = BLECentralUITests;
			sourceTree = "<group>";
		};
/* End PBXFileSystemSynchronizedRootGroup section */

/* Begin PBXFrameworksBuildPhase section */
		7BE0B4492CDB570A00F3F976 /* Frameworks */ = {
			isa = PBXFrameworksBuildPhase;
			buildActionMask = 2147483647;
			files = (
			);
			runOnlyForDeploymentPostprocessing = 0;
		};
		7BE0B4592CDB570C00F3F976 /* Frameworks */ = {
			isa = PBXFrameworksBuildPhase;
			buildActionMask = 2147483647;
			files = (
			);
			runOnlyForDeploymentPostprocessing = 0;
		};
		7BE0B4632CDB570C00F3F976 /* Frameworks */ = {
			isa = PBXFrameworksBuildPhase;
			buildActionMask = 2147483647;
			files = (
			);
			runOnlyForDeploymentPostprocessing = 0;
		};
/* End PBXFrameworksBuildPhase section */

/* Begin PBXGroup section */
		7BE0B4432CDB570A00F3F976 = {
			isa = PBXGroup;
			children = (
				7BE0B44E2CDB570A00F3F976 /* BLECentral */,
				7BE0B45F2CDB570C00F3F976 /* BLECentralTests */,
				7BE0B4692CDB570C00F3F976 /* BLECentralUITests */,
				7BE0B44D2CDB570A00F3F976 /* Products */,
			);
			sourceTree = "<group>";
		};
		7BE0B44D2CDB570A00F3F976 /* Products */ = {
			isa = PBXGroup;
			children = (
				7BE0B44C2CDB570A00F3F976 /* BLECentral.app */,
				7BE0B45C2CDB570C00F3F976 /* BLECentralTests.xctest */,
				7BE0B4662CDB570C00F3F976 /* BLECentralUITests.xctest */,
			);
			name = Products;
			sourceTree = "<group>";
		};
/* End PBXGroup section */

/* Begin PBXNativeTarget section */
		7BE0B44B2CDB570A00F3F976 /* BLECentral */ = {
			isa = PBXNativeTarget;
			buildConfigurationList = 7BE0B4702CDB570C00F3F976 /* Build configuration list for PBXNativeTarget "BLECentral" */;
			buildPhases = (
				7BE0B4482CDB570A00F3F976 /* Sources */,
				7BE0B4492CDB570A00F3F976 /* Frameworks */,
				7BE0B44A2CDB570A00F3F976 /* Resources */,
			);
			buildRules = (
			);
			dependencies = (
			);
			fileSystemSynchronizedGroups = (
				7BE0B44E2CDB570A00F3F976 /* BLECentral */,
			);
			name = BLECentral;
			packageProductDependencies = (
			);
			productName = BLECentral;
			productReference = 7BE0B44C2CDB570A00F3F976 /* BLECentral.app */;
			productType = "com.apple.product-type.application";
		};
		7BE0B45B2CDB570C00F3F976 /* BLECentralTests */ = {
			isa = PBXNativeTarget;
			buildConfigurationList = 7BE0B4732CDB570C00F3F976 /* Build configuration list for PBXNativeTarget "BLECentralTests" */;
			buildPhases = (
				7BE0B4582CDB570C00F3F976 /* Sources */,
				7BE0B4592CDB570C00F3F976 /* Frameworks */,
				7BE0B45A2CDB570C00F3F976 /* Resources */,
			);
			buildRules = (
			);
			dependencies = (
				7BE0B45E2CDB570C00F3F976 /* PBXTargetDependency */,
			);
			fileSystemSynchronizedGroups = (
				7BE0B45F2CDB570C00F3F976 /* BLECentralTests */,
			);
			name = BLECentralTests;
			packageProductDependencies = (
			);
			productName = BLECentralTests;
			productReference = 7BE0B45C2CDB570C00F3F976 /* BLECentralTests.xctest */;
			productType = "com.apple.product-type.bundle.unit-test";
		};
		7BE0B4652CDB570C00F3F976 /* BLECentralUITests */ = {
			isa = PBXNativeTarget;
			buildConfigurationList = 7BE0B4762CDB570C00F3F976 /* Build configuration list for PBXNativeTarget "BLECentralUITests" */;
			buildPhases = (
				7BE0B4622CDB570C00F3F976 /* Sources */,
				7BE0B4632CDB570C00F3F976 /* Frameworks */,
				7BE0B4642CDB570C00F3F976 /* Resources */,
			);
			buildRules = (
			);
			dependencies = (
				7BE0B4682CDB570C00F3F976 /* PBXTargetDependency */,
			);
			fileSystemSynchronizedGroups = (
				7BE0B4692CDB570C00F3F976 /* BLECentralUITests */,
			);
			name = BLECentralUITests;
			packageProductDependencies = (
			);
			productName = BLECentralUITests;
			productReference = 7BE0B4662CDB570C00F3F976 /* BLECentralUITests.xctest */;
			productType = "com.apple.product-type.bundle.ui-testing";
		};
/* End PBXNativeTarget section */

/* Begin PBXProject section */
		7BE0B4442CDB570A00F3F976 /* Project object */ = {
			isa = PBXProject;
			attributes = {
				BuildIndependentTargetsInParallel = 1;
				LastSwiftUpdateCheck = 1600;
				LastUpgradeCheck = 1600;
				TargetAttributes = {
					7BE0B44B2CDB570A00F3F976 = {
						CreatedOnToolsVersion = 16.0;
					};
					7BE0B45B2CDB570C00F3F976 = {
						CreatedOnToolsVersion = 16.0;
						TestTargetID = 7BE0B44B2CDB570A00F3F976;
					};
					7BE0B4652CDB570C00F3F976 = {
						CreatedOnToolsVersion = 16.0;
						TestTargetID = 7BE0B44B2CDB570A00F3F976;
					};
				};
			};
			buildConfigurationList = 7BE0B4472CDB570A00F3F976 /* Build configuration list for PBXProject "BLECentral" */;
			developmentRegion = en;
			hasScannedForEncodings = 0;
			knownRegions = (
				en,
				Base,
			);
			mainGroup = 7BE0B4432CDB570A00F3F976;
			minimizedProjectReferenceProxies = 1;
			preferredProjectObjectVersion = 77;
			productRefGroup = 7BE0B44D2CDB570A00F3F976 /* Products */;
			projectDirPath = "";
			projectRoot = "";
			targets = (
				7BE0B44B2CDB570A00F3F976 /* BLECentral */,
				7BE0B45B2CDB570C00F3F976 /* BLECentralTests */,
				7BE0B4652CDB570C00F3F976 /* BLECentralUITests */,
			);
		};
/* End PBXProject section */

/* Begin PBXResourcesBuildPhase section */
		7BE0B44A2CDB570A00F3F976 /* Resources */ = {
			isa = PBXResourcesBuildPhase;
			buildActionMask = 2147483647;
			files = (
			);
			runOnlyForDeploymentPostprocessing = 0;
		};
		7BE0B45A2CDB570C00F3F976 /* Resources */ = {
			isa = PBXResourcesBuildPhase;
			buildActionMask = 2147483647;
			files = (
			);
			runOnlyForDeploymentPostprocessing = 0;
		};
		7BE0B4642CDB570C00F3F976 /* Resources */ = {
			isa = PBXResourcesBuildPhase;
			buildActionMask = 2147483647;
			files = (
			);
			runOnlyForDeploymentPostprocessing = 0;
		};
/* End PBXResourcesBuildPhase section */

/* Begin PBXSourcesBuildPhase section */
		7BE0B4482CDB570A00F3F976 /* Sources */ = {
			isa = PBXSourcesBuildPhase;
			buildActionMask = 2147483647;
			files = (
			);
			runOnlyForDeploymentPostprocessing = 0;
		};
		7BE0B4582CDB570C00F3F976 /* Sources */ = {
			isa = PBXSourcesBuildPhase;
			buildActionMask = 2147483647;
			files = (
			);
			runOnlyForDeploymentPostprocessing = 0;
		};
		7BE0B4622CDB570C00F3F976 /* Sources */ = {
			isa = PBXSourcesBuildPhase;
			buildActionMask = 2147483647;
			files = (
			);
			runOnlyForDeploymentPostprocessing = 0;
		};
/* End PBXSourcesBuildPhase section */

/* Begin PBXTargetDependency section */
		7BE0B45E2CDB570C00F3F976 /* PBXTargetDependency */ = {
			isa = PBXTargetDependency;
			target = 7BE0B44B2CDB570A00F3F976 /* BLECentral */;
			targetProxy = 7BE0B45D2CDB570C00F3F976 /* PBXContainerItemProxy */;
		};
		7BE0B4682CDB570C00F3F976 /* PBXTargetDependency */ = {
			isa = PBXTargetDependency;
			target = 7BE0B44B2CDB570A00F3F976 /* BLECentral */;
			targetProxy = 7BE0B4672CDB570C00F3F976 /* PBXContainerItemProxy */;
		};
/* End PBXTargetDependency section */

/* Begin XCBuildConfiguration section */
		7BE0B46E2CDB570C00F3F976 /* Debug */ = {
			isa = XCBuildConfiguration;
			buildSettings = {
				ALWAYS_SEARCH_USER_PATHS = NO;
				ASSETCATALOG_COMPILER_GENERATE_SWIFT_ASSET_SYMBOL_EXTENSIONS = YES;
				CLANG_ANALYZER_NONNULL = YES;
				CLANG_ANALYZER_NUMBER_OBJECT_CONVERSION = YES_AGGRESSIVE;
				CLANG_CXX_LANGUAGE_STANDARD = "gnu++20";
				CLANG_ENABLE_MODULES = YES;
				CLANG_ENABLE_OBJC_ARC = YES;
				CLANG_ENABLE_OBJC_WEAK = YES;
				CLANG_WARN_BLOCK_CAPTURE_AUTORELEASING = YES;
				CLANG_WARN_BOOL_CONVERSION = YES;
				CLANG_WARN_COMMA = YES;
				CLANG_WARN_CONSTANT_CONVERSION = YES;
				CLANG_WARN_DEPRECATED_OBJC_IMPLEMENTATIONS = YES;
				CLANG_WARN_DIRECT_OBJC_ISA_USAGE = YES_ERROR;
				CLANG_WARN_DOCUMENTATION_COMMENTS = YES;
				CLANG_WARN_EMPTY_BODY = YES;
				CLANG_WARN_ENUM_CONVERSION = YES;
				CLANG_WARN_INFINITE_RECURSION = YES;
				CLANG_WARN_INT_CONVERSION = YES;
				CLANG_WARN_NON_LITERAL_NULL_CONVERSION = YES;
				CLANG_WARN_OBJC_IMPLICIT_RETAIN_SELF = YES;
				CLANG_WARN_OBJC_LITERAL_CONVERSION = YES;
				CLANG_WARN_OBJC_ROOT_CLASS = YES_ERROR;
				CLANG_WARN_QUOTED_INCLUDE_IN_FRAMEWORK_HEADER = YES;
				CLANG_WARN_RANGE_LOOP_ANALYSIS = YES;
				CLANG_WARN_STRICT_PROTOTYPES = YES;
				CLANG_WARN_SUSPICIOUS_MOVE = YES;
				CLANG_WARN_UNGUARDED_AVAILABILITY = YES_AGGRESSIVE;
				CLANG_WARN_UNREACHABLE_CODE = YES;
				CLANG_WARN__DUPLICATE_METHOD_MATCH = YES;
				COPY_PHASE_STRIP = NO;
				DEBUG_INFORMATION_FORMAT = dwarf;
				ENABLE_STRICT_OBJC_MSGSEND = YES;
				ENABLE_TESTABILITY = YES;
				ENABLE_USER_SCRIPT_SANDBOXING = YES;
				GCC_C_LANGUAGE_STANDARD = gnu17;
				GCC_DYNAMIC_NO_PIC = NO;
				GCC_NO_COMMON_BLOCKS = YES;
				GCC_OPTIMIZATION_LEVEL = 0;
				GCC_PREPROCESSOR_DEFINITIONS = (
					"DEBUG=1",
					"$(inherited)",
				);
				GCC_WARN_64_TO_32_BIT_CONVERSION = YES;
				GCC_WARN_ABOUT_RETURN_TYPE = YES_ERROR;
				GCC_WARN_UNDECLARED_SELECTOR = YES;
				GCC_WARN_UNINITIALIZED_AUTOS = YES_AGGRESSIVE;
				GCC_WARN_UNUSED_FUNCTION = YES;
				GCC_WARN_UNUSED_VARIABLE = YES;
				IPHONEOS_DEPLOYMENT_TARGET = 18.0;
				LOCALIZATION_PREFERS_STRING_CATALOGS = YES;
				MTL_ENABLE_DEBUG_INFO = INCLUDE_SOURCE;
				MTL_FAST_MATH = YES;
				ONLY_ACTIVE_ARCH = YES;
				SDKROOT = iphoneos;
				SWIFT_ACTIVE_COMPILATION_CONDITIONS = "DEBUG $(inherited)";
				SWIFT_OPTIMIZATION_LEVEL = "-Onone";
			};
			name = Debug;
		};
		7BE0B46F2CDB570C00F3F976 /* Release */ = {
			isa = XCBuildConfiguration;
			buildSettings = {
				ALWAYS_SEARCH_USER_PATHS = NO;
				ASSETCATALOG_COMPILER_GENERATE_SWIFT_ASSET_SYMBOL_EXTENSIONS = YES;
				CLANG_ANALYZER_NONNULL = YES;
				CLANG_ANALYZER_NUMBER_OBJECT_CONVERSION = YES_AGGRESSIVE;
				CLANG_CXX_LANGUAGE_STANDARD = "gnu++20";
				CLANG_ENABLE_MODULES = YES;
				CLANG_ENABLE_OBJC_ARC = YES;
				CLANG_ENABLE_OBJC_WEAK = YES;
				CLANG_WARN_BLOCK_CAPTURE_AUTORELEASING = YES;
				CLANG_WARN_BOOL_CONVERSION = YES;
				CLANG_WARN_COMMA = YES;
				CLANG_WARN_CONSTANT_CONVERSION = YES;
				CLANG_WARN_DEPRECATED_OBJC_IMPLEMENTATIONS = YES;
				CLANG_WARN_DIRECT_OBJC_ISA_USAGE = YES_ERROR;
				CLANG_WARN_DOCUMENTATION_COMMENTS = YES;
				CLANG_WARN_EMPTY_BODY = YES;
				CLANG_WARN_ENUM_CONVERSION = YES;
				CLANG_WARN_INFINITE_RECURSION = YES;
				CLANG_WARN_INT_CONVERSION = YES;
				CLANG_WARN_NON_LITERAL_NULL_CONVERSION = YES;
				CLANG_WARN_OBJC_IMPLICIT_RETAIN_SELF = YES;
				CLANG_WARN_OBJC_LITERAL_CONVERSION = YES;
				CLANG_WARN_OBJC_ROOT_CLASS = YES_ERROR;
				CLANG_WARN_QUOTED_INCLUDE_IN_FRAMEWORK_HEADER = YES;
				CLANG_WARN_RANGE_LOOP_ANALYSIS = YES;
				CLANG_WARN_STRICT_PROTOTYPES = YES;
				CLANG_WARN_SUSPICIOUS_MOVE = YES;
				CLANG_WARN_UNGUARDED_AVAILABILITY = YES_AGGRESSIVE;
				CLANG_WARN_UNREACHABLE_CODE = YES;
				CLANG_WARN__DUPLICATE_METHOD_MATCH = YES;
				COPY_PHASE_STRIP = NO;
				DEBUG_INFORMATION_FORMAT = "dwarf-with-dsym";
				ENABLE_NS_ASSERTIONS = NO;
				ENABLE_STRICT_OBJC_MSGSEND = YES;
				ENABLE_USER_SCRIPT_SANDBOXING = YES;
				GCC_C_LANGUAGE_STANDARD = gnu17;
				GCC_NO_COMMON_BLOCKS = YES;
				GCC_WARN_64_TO_32_BIT_CONVERSION = YES;
				GCC_WARN_ABOUT_RETURN_TYPE = YES_ERROR;
				GCC_WARN_UNDECLARED_SELECTOR = YES;
				GCC_WARN_UNINITIALIZED_AUTOS = YES_AGGRESSIVE;
				GCC_WARN_UNUSED_FUNCTION = YES;
				GCC_WARN_UNUSED_VARIABLE = YES;
				IPHONEOS_DEPLOYMENT_TARGET = 18.0;
				LOCALIZATION_PREFERS_STRING_CATALOGS = YES;
				MTL_ENABLE_DEBUG_INFO = NO;
				MTL_FAST_MATH = YES;
				SDKROOT = iphoneos;
				SWIFT_COMPILATION_MODE = wholemodule;
				VALIDATE_PRODUCT = YES;
			};
			name = Release;
		};
		7BE0B4712CDB570C00F3F976 /* Debug */ = {
			isa = XCBuildConfiguration;
			buildSettings = {
				ASSETCATALOG_COMPILER_APPICON_NAME = AppIcon;
				ASSETCATALOG_COMPILER_GLOBAL_ACCENT_COLOR_NAME = AccentColor;
				CODE_SIGN_STYLE = Automatic;
				CURRENT_PROJECT_VERSION = 1;
				DEVELOPMENT_ASSET_PATHS = "\"BLECentral/Preview Content\"";
				DEVELOPMENT_TEAM = T7JJUZE2YE;
				ENABLE_PREVIEWS = YES;
				GENERATE_INFOPLIST_FILE = YES;
				INFOPLIST_FILE = BLECentral/Info.plist;
				INFOPLIST_KEY_NSBluetoothAlwaysUsageDescription = "\"사용하세요\"";
				INFOPLIST_KEY_NSBluetoothPeripheralUsageDescription = "\"좀 사용해라\"";
				INFOPLIST_KEY_UIApplicationSceneManifest_Generation = YES;
				INFOPLIST_KEY_UIApplicationSupportsIndirectInputEvents = YES;
				INFOPLIST_KEY_UILaunchScreen_Generation = YES;
				INFOPLIST_KEY_UISupportedInterfaceOrientations_iPad = "UIInterfaceOrientationPortrait UIInterfaceOrientationPortraitUpsideDown UIInterfaceOrientationLandscapeLeft UIInterfaceOrientationLandscapeRight";
				INFOPLIST_KEY_UISupportedInterfaceOrientations_iPhone = "UIInterfaceOrientationPortrait UIInterfaceOrientationLandscapeLeft UIInterfaceOrientationLandscapeRight";
				IPHONEOS_DEPLOYMENT_TARGET = 16.0;
				LD_RUNPATH_SEARCH_PATHS = (
					"$(inherited)",
					"@executable_path/Frameworks",
				);
				MARKETING_VERSION = 1.0;
				PRODUCT_BUNDLE_IDENTIFIER = com.cudo.BLE;
				PRODUCT_NAME = "$(TARGET_NAME)";
				SWIFT_EMIT_LOC_STRINGS = YES;
				SWIFT_VERSION = 5.0;
				TARGETED_DEVICE_FAMILY = "1,2";
			};
			name = Debug;
		};
		7BE0B4722CDB570C00F3F976 /* Release */ = {
			isa = XCBuildConfiguration;
			buildSettings = {
				ASSETCATALOG_COMPILER_APPICON_NAME = AppIcon;
				ASSETCATALOG_COMPILER_GLOBAL_ACCENT_COLOR_NAME = AccentColor;
				CODE_SIGN_STYLE = Automatic;
				CURRENT_PROJECT_VERSION = 1;
				DEVELOPMENT_ASSET_PATHS = "\"BLECentral/Preview Content\"";
				DEVELOPMENT_TEAM = T7JJUZE2YE;
				ENABLE_PREVIEWS = YES;
				GENERATE_INFOPLIST_FILE = YES;
				INFOPLIST_FILE = BLECentral/Info.plist;
				INFOPLIST_KEY_NSBluetoothAlwaysUsageDescription = "\"사용하세요\"";
				INFOPLIST_KEY_NSBluetoothPeripheralUsageDescription = "\"좀 사용해라\"";
				INFOPLIST_KEY_UIApplicationSceneManifest_Generation = YES;
				INFOPLIST_KEY_UIApplicationSupportsIndirectInputEvents = YES;
				INFOPLIST_KEY_UILaunchScreen_Generation = YES;
				INFOPLIST_KEY_UISupportedInterfaceOrientations_iPad = "UIInterfaceOrientationPortrait UIInterfaceOrientationPortraitUpsideDown UIInterfaceOrientationLandscapeLeft UIInterfaceOrientationLandscapeRight";
				INFOPLIST_KEY_UISupportedInterfaceOrientations_iPhone = "UIInterfaceOrientationPortrait UIInterfaceOrientationLandscapeLeft UIInterfaceOrientationLandscapeRight";
				IPHONEOS_DEPLOYMENT_TARGET = 16.0;
				LD_RUNPATH_SEARCH_PATHS = (
					"$(inherited)",
					"@executable_path/Frameworks",
				);
				MARKETING_VERSION = 1.0;
				PRODUCT_BUNDLE_IDENTIFIER = com.cudo.BLE;
				PRODUCT_NAME = "$(TARGET_NAME)";
				SWIFT_EMIT_LOC_STRINGS = YES;
				SWIFT_VERSION = 5.0;
				TARGETED_DEVICE_FAMILY = "1,2";
			};
			name = Release;
		};
		7BE0B4742CDB570C00F3F976 /* Debug */ = {
			isa = XCBuildConfiguration;
			buildSettings = {
				BUNDLE_LOADER = "$(TEST_HOST)";
				CODE_SIGN_STYLE = Automatic;
				CURRENT_PROJECT_VERSION = 1;
				DEVELOPMENT_TEAM = 9Y3C29YBST;
				GENERATE_INFOPLIST_FILE = YES;
				IPHONEOS_DEPLOYMENT_TARGET = 18.0;
				MARKETING_VERSION = 1.0;
				PRODUCT_BUNDLE_IDENTIFIER = com.importants.BLECentralTests;
				PRODUCT_NAME = "$(TARGET_NAME)";
				SWIFT_EMIT_LOC_STRINGS = NO;
				SWIFT_VERSION = 5.0;
				TARGETED_DEVICE_FAMILY = "1,2";
				TEST_HOST = "$(BUILT_PRODUCTS_DIR)/BLECentral.app/$(BUNDLE_EXECUTABLE_FOLDER_PATH)/BLECentral";
			};
			name = Debug;
		};
		7BE0B4752CDB570C00F3F976 /* Release */ = {
			isa = XCBuildConfiguration;
			buildSettings = {
				BUNDLE_LOADER = "$(TEST_HOST)";
				CODE_SIGN_STYLE = Automatic;
				CURRENT_PROJECT_VERSION = 1;
				DEVELOPMENT_TEAM = 9Y3C29YBST;
				GENERATE_INFOPLIST_FILE = YES;
				IPHONEOS_DEPLOYMENT_TARGET = 18.0;
				MARKETING_VERSION = 1.0;
				PRODUCT_BUNDLE_IDENTIFIER = com.importants.BLECentralTests;
				PRODUCT_NAME = "$(TARGET_NAME)";
				SWIFT_EMIT_LOC_STRINGS = NO;
				SWIFT_VERSION = 5.0;
				TARGETED_DEVICE_FAMILY = "1,2";
				TEST_HOST = "$(BUILT_PRODUCTS_DIR)/BLECentral.app/$(BUNDLE_EXECUTABLE_FOLDER_PATH)/BLECentral";
			};
			name = Release;
		};
		7BE0B4772CDB570C00F3F976 /* Debug */ = {
			isa = XCBuildConfiguration;
			buildSettings = {
				CODE_SIGN_STYLE = Automatic;
				CURRENT_PROJECT_VERSION = 1;
				DEVELOPMENT_TEAM = 9Y3C29YBST;
				GENERATE_INFOPLIST_FILE = YES;
				MARKETING_VERSION = 1.0;
				PRODUCT_BUNDLE_IDENTIFIER = com.importants.BLECentralUITests;
				PRODUCT_NAME = "$(TARGET_NAME)";
				SWIFT_EMIT_LOC_STRINGS = NO;
				SWIFT_VERSION = 5.0;
				TARGETED_DEVICE_FAMILY = "1,2";
				TEST_TARGET_NAME = BLECentral;
			};
			name = Debug;
		};
		7BE0B4782CDB570C00F3F976 /* Release */ = {
			isa = XCBuildConfiguration;
			buildSettings = {
				CODE_SIGN_STYLE = Automatic;
				CURRENT_PROJECT_VERSION = 1;
				DEVELOPMENT_TEAM = 9Y3C29YBST;
				GENERATE_INFOPLIST_FILE = YES;
				MARKETING_VERSION = 1.0;
				PRODUCT_BUNDLE_IDENTIFIER = com.importants.BLECentralUITests;
				PRODUCT_NAME = "$(TARGET_NAME)";
				SWIFT_EMIT_LOC_STRINGS = NO;
				SWIFT_VERSION = 5.0;
				TARGETED_DEVICE_FAMILY = "1,2";
				TEST_TARGET_NAME = BLECentral;
			};
			name = Release;
		};
/* End XCBuildConfiguration section */

/* Begin XCConfigurationList section */
		7BE0B4472CDB570A00F3F976 /* Build configuration list for PBXProject "BLECentral" */ = {
			isa = XCConfigurationList;
			buildConfigurations = (
				7BE0B46E2CDB570C00F3F976 /* Debug */,
				7BE0B46F2CDB570C00F3F976 /* Release */,
			);
			defaultConfigurationIsVisible = 0;
			defaultConfigurationName = Release;
		};
		7BE0B4702CDB570C00F3F976 /* Build configuration list for PBXNativeTarget "BLECentral" */ = {
			isa = XCConfigurationList;
			buildConfigurations = (
				7BE0B4712CDB570C00F3F976 /* Debug */,
				7BE0B4722CDB570C00F3F976 /* Release */,
			);
			defaultConfigurationIsVisible = 0;
			defaultConfigurationName = Release;
		};
		7BE0B4732CDB570C00F3F976 /* Build configuration list for PBXNativeTarget "BLECentralTests" */ = {
			isa = XCConfigurationList;
			buildConfigurations = (
				7BE0B4742CDB570C00F3F976 /* Debug */,
				7BE0B4752CDB570C00F3F976 /* Release */,
			);
			defaultConfigurationIsVisible = 0;
			defaultConfigurationName = Release;
		};
		7BE0B4762CDB570C00F3F976 /* Build configuration list for PBXNativeTarget "BLECentralUITests" */ = {
			isa = XCConfigurationList;
			buildConfigurations = (
				7BE0B4772CDB570C00F3F976 /* Debug */,
				7BE0B4782CDB570C00F3F976 /* Release */,
			);
			defaultConfigurationIsVisible = 0;
			defaultConfigurationName = Release;
		};
/* End XCConfigurationList section */
	};
	rootObject = 7BE0B4442CDB570A00F3F976 /* Project object */;
}
